
Microsoft Visual Studio Solution File, Format Version 12.00
# Visual Studio Version 17
VisualStudioVersion = 17.0.31903.59
MinimumVisualStudioVersion = 10.0.40219.1
Project("{2150E333-8FDC-42A3-9474-1A3956D46DE8}") = "AWS", "AWS", "{053DFE09-12E3-FE27-FF51-34F1017F19A9}"
EndProject
Project("{FAE04EC0-301F-11D3-BF4B-00C04F79EFBC}") = "ProductAPI", "AWS\ProductAPI\ProductAPI.csproj", "{76825904-3F0A-49EB-A5FC-9731E1BE64F9}"
EndProject
Project("{2150E333-8FDC-42A3-9474-1A3956D46DE8}") = "Azure", "Azure", "{AB9CF6C7-B60F-43AF-97C5-48E4CA058C61}"
EndProject
Project("{FAE04EC0-301F-11D3-BF4B-00C04F79EFBC}") = "Serverless.Aspire.AWS", "AWS\Serverless.Aspire.AWS\Serverless.Aspire.AWS.csproj", "{A8B6CCDA-4BA2-4AF4-BE94-0C4D6D55EB15}"
EndProject
Project("{FAE04EC0-301F-11D3-BF4B-00C04F79EFBC}") = "Serverless.Aspire.Azure", "Azure\Serverless.Aspire.Azure\Serverless.Aspire.Azure.csproj", "{F3D2E9E9-88CE-4844-B999-A4BF82426B92}"
EndProject
Project("{FAE04EC0-301F-11D3-BF4B-00C04F79EFBC}") = "ProductAPI.AWS.Tests", "AWS\ProductAPI.AWS.Tests\ProductAPI.AWS.Tests.csproj", "{E83BA614-8632-4903-A805-76DBDFAB36AA}"
EndProject
Project("{FAE04EC0-301F-11D3-BF4B-00C04F79EFBC}") = "ProductAPI.AzureFunctions.Tests", "Azure\ProductAPI.Azure.Tests\ProductAPI.AzureFunctions.Tests.csproj", "{8A034E45-EBA3-429C-82E4-C55D7EF37156}"
EndProject
Project("{FAE04EC0-301F-11D3-BF4B-00C04F79EFBC}") = "ProductAPI.AzureFunctions", "Azure\ProductAPI.AzureFunctions\ProductAPI.AzureFunctions.csproj", "{E4582391-A868-4517-8EB1-64C817F0AD1D}"
EndProject
Global
	GlobalSection(SolutionConfigurationPlatforms) = preSolution
		Debug|Any CPU = Debug|Any CPU
		Debug|x64 = Debug|x64
		Debug|x86 = Debug|x86
		Release|Any CPU = Release|Any CPU
		Release|x64 = Release|x64
		Release|x86 = Release|x86
	EndGlobalSection
	GlobalSection(ProjectConfigurationPlatforms) = postSolution
		{76825904-3F0A-49EB-A5FC-9731E1BE64F9}.Debug|Any CPU.ActiveCfg = Debug|Any CPU
		{76825904-3F0A-49EB-A5FC-9731E1BE64F9}.Debug|Any CPU.Build.0 = Debug|Any CPU
		{76825904-3F0A-49EB-A5FC-9731E1BE64F9}.Debug|x64.ActiveCfg = Debug|Any CPU
		{76825904-3F0A-49EB-A5FC-9731E1BE64F9}.Debug|x64.Build.0 = Debug|Any CPU
		{76825904-3F0A-49EB-A5FC-9731E1BE64F9}.Debug|x86.ActiveCfg = Debug|Any CPU
		{76825904-3F0A-49EB-A5FC-9731E1BE64F9}.Debug|x86.Build.0 = Debug|Any CPU
		{76825904-3F0A-49EB-A5FC-9731E1BE64F9}.Release|Any CPU.ActiveCfg = Release|Any CPU
		{76825904-3F0A-49EB-A5FC-9731E1BE64F9}.Release|Any CPU.Build.0 = Release|Any CPU
		{76825904-3F0A-49EB-A5FC-9731E1BE64F9}.Release|x64.ActiveCfg = Release|Any CPU
		{76825904-3F0A-49EB-A5FC-9731E1BE64F9}.Release|x64.Build.0 = Release|Any CPU
		{76825904-3F0A-49EB-A5FC-9731E1BE64F9}.Release|x86.ActiveCfg = Release|Any CPU
		{76825904-3F0A-49EB-A5FC-9731E1BE64F9}.Release|x86.Build.0 = Release|Any CPU
		{711141D3-0E6A-4B93-9C2C-8BA88EF97715}.Debug|Any CPU.ActiveCfg = Debug|Any CPU
		{711141D3-0E6A-4B93-9C2C-8BA88EF97715}.Debug|Any CPU.Build.0 = Debug|Any CPU
		{711141D3-0E6A-4B93-9C2C-8BA88EF97715}.Debug|x64.ActiveCfg = Debug|Any CPU
		{711141D3-0E6A-4B93-9C2C-8BA88EF97715}.Debug|x64.Build.0 = Debug|Any CPU
		{711141D3-0E6A-4B93-9C2C-8BA88EF97715}.Debug|x86.ActiveCfg = Debug|Any CPU
		{711141D3-0E6A-4B93-9C2C-8BA88EF97715}.Debug|x86.Build.0 = Debug|Any CPU
		{711141D3-0E6A-4B93-9C2C-8BA88EF97715}.Release|Any CPU.ActiveCfg = Release|Any CPU
		{711141D3-0E6A-4B93-9C2C-8BA88EF97715}.Release|Any CPU.Build.0 = Release|Any CPU
		{711141D3-0E6A-4B93-9C2C-8BA88EF97715}.Release|x64.ActiveCfg = Release|Any CPU
		{711141D3-0E6A-4B93-9C2C-8BA88EF97715}.Release|x64.Build.0 = Release|Any CPU
		{711141D3-0E6A-4B93-9C2C-8BA88EF97715}.Release|x86.ActiveCfg = Release|Any CPU
		{711141D3-0E6A-4B93-9C2C-8BA88EF97715}.Release|x86.Build.0 = Release|Any CPU
		{A8B6CCDA-4BA2-4AF4-BE94-0C4D6D55EB15}.Debug|Any CPU.ActiveCfg = Debug|Any CPU
		{A8B6CCDA-4BA2-4AF4-BE94-0C4D6D55EB15}.Debug|Any CPU.Build.0 = Debug|Any CPU
		{A8B6CCDA-4BA2-4AF4-BE94-0C4D6D55EB15}.Debug|x64.ActiveCfg = Debug|Any CPU
		{A8B6CCDA-4BA2-4AF4-BE94-0C4D6D55EB15}.Debug|x64.Build.0 = Debug|Any CPU
		{A8B6CCDA-4BA2-4AF4-BE94-0C4D6D55EB15}.Debug|x86.ActiveCfg = Debug|Any CPU
		{A8B6CCDA-4BA2-4AF4-BE94-0C4D6D55EB15}.Debug|x86.Build.0 = Debug|Any CPU
		{A8B6CCDA-4BA2-4AF4-BE94-0C4D6D55EB15}.Release|Any CPU.ActiveCfg = Release|Any CPU
		{A8B6CCDA-4BA2-4AF4-BE94-0C4D6D55EB15}.Release|Any CPU.Build.0 = Release|Any CPU
		{A8B6CCDA-4BA2-4AF4-BE94-0C4D6D55EB15}.Release|x64.ActiveCfg = Release|Any CPU
		{A8B6CCDA-4BA2-4AF4-BE94-0C4D6D55EB15}.Release|x64.Build.0 = Release|Any CPU
		{A8B6CCDA-4BA2-4AF4-BE94-0C4D6D55EB15}.Release|x86.ActiveCfg = Release|Any CPU
		{A8B6CCDA-4BA2-4AF4-BE94-0C4D6D55EB15}.Release|x86.Build.0 = Release|Any CPU
		{F3D2E9E9-88CE-4844-B999-A4BF82426B92}.Debug|Any CPU.ActiveCfg = Debug|Any CPU
		{F3D2E9E9-88CE-4844-B999-A4BF82426B92}.Debug|Any CPU.Build.0 = Debug|Any CPU
		{F3D2E9E9-88CE-4844-B999-A4BF82426B92}.Debug|x64.ActiveCfg = Debug|Any CPU
		{F3D2E9E9-88CE-4844-B999-A4BF82426B92}.Debug|x64.Build.0 = Debug|Any CPU
		{F3D2E9E9-88CE-4844-B999-A4BF82426B92}.Debug|x86.ActiveCfg = Debug|Any CPU
		{F3D2E9E9-88CE-4844-B999-A4BF82426B92}.Debug|x86.Build.0 = Debug|Any CPU
		{F3D2E9E9-88CE-4844-B999-A4BF82426B92}.Release|Any CPU.ActiveCfg = Release|Any CPU
		{F3D2E9E9-88CE-4844-B999-A4BF82426B92}.Release|Any CPU.Build.0 = Release|Any CPU
		{F3D2E9E9-88CE-4844-B999-A4BF82426B92}.Release|x64.ActiveCfg = Release|Any CPU
		{F3D2E9E9-88CE-4844-B999-A4BF82426B92}.Release|x64.Build.0 = Release|Any CPU
		{F3D2E9E9-88CE-4844-B999-A4BF82426B92}.Release|x86.ActiveCfg = Release|Any CPU
		{F3D2E9E9-88CE-4844-B999-A4BF82426B92}.Release|x86.Build.0 = Release|Any CPU
		{E83BA614-8632-4903-A805-76DBDFAB36AA}.Debug|Any CPU.ActiveCfg = Debug|Any CPU
		{E83BA614-8632-4903-A805-76DBDFAB36AA}.Debug|Any CPU.Build.0 = Debug|Any CPU
		{E83BA614-8632-4903-A805-76DBDFAB36AA}.Debug|x64.ActiveCfg = Debug|Any CPU
		{E83BA614-8632-4903-A805-76DBDFAB36AA}.Debug|x64.Build.0 = Debug|Any CPU
		{E83BA614-8632-4903-A805-76DBDFAB36AA}.Debug|x86.ActiveCfg = Debug|Any CPU
		{E83BA614-8632-4903-A805-76DBDFAB36AA}.Debug|x86.Build.0 = Debug|Any CPU
		{E83BA614-8632-4903-A805-76DBDFAB36AA}.Release|Any CPU.ActiveCfg = Release|Any CPU
		{E83BA614-8632-4903-A805-76DBDFAB36AA}.Release|Any CPU.Build.0 = Release|Any CPU
		{E83BA614-8632-4903-A805-76DBDFAB36AA}.Release|x64.ActiveCfg = Release|Any CPU
		{E83BA614-8632-4903-A805-76DBDFAB36AA}.Release|x64.Build.0 = Release|Any CPU
		{E83BA614-8632-4903-A805-76DBDFAB36AA}.Release|x86.ActiveCfg = Release|Any CPU
		{E83BA614-8632-4903-A805-76DBDFAB36AA}.Release|x86.Build.0 = Release|Any CPU
		{8A034E45-EBA3-429C-82E4-C55D7EF37156}.Debug|Any CPU.ActiveCfg = Debug|Any CPU
		{8A034E45-EBA3-429C-82E4-C55D7EF37156}.Debug|Any CPU.Build.0 = Debug|Any CPU
		{8A034E45-EBA3-429C-82E4-C55D7EF37156}.Debug|x64.ActiveCfg = Debug|Any CPU
		{8A034E45-EBA3-429C-82E4-C55D7EF37156}.Debug|x64.Build.0 = Debug|Any CPU
		{8A034E45-EBA3-429C-82E4-C55D7EF37156}.Debug|x86.ActiveCfg = Debug|Any CPU
		{8A034E45-EBA3-429C-82E4-C55D7EF37156}.Debug|x86.Build.0 = Debug|Any CPU
		{8A034E45-EBA3-429C-82E4-C55D7EF37156}.Release|Any CPU.ActiveCfg = Release|Any CPU
		{8A034E45-EBA3-429C-82E4-C55D7EF37156}.Release|Any CPU.Build.0 = Release|Any CPU
		{8A034E45-EBA3-429C-82E4-C55D7EF37156}.Release|x64.ActiveCfg = Release|Any CPU
		{8A034E45-EBA3-429C-82E4-C55D7EF37156}.Release|x64.Build.0 = Release|Any CPU
		{8A034E45-EBA3-429C-82E4-C55D7EF37156}.Release|x86.ActiveCfg = Release|Any CPU
		{8A034E45-EBA3-429C-82E4-C55D7EF37156}.Release|x86.Build.0 = Release|Any CPU
		{E4582391-A868-4517-8EB1-64C817F0AD1D}.Debug|Any CPU.ActiveCfg = Debug|Any CPU
		{E4582391-A868-4517-8EB1-64C817F0AD1D}.Debug|Any CPU.Build.0 = Debug|Any CPU
		{E4582391-A868-4517-8EB1-64C817F0AD1D}.Debug|x64.ActiveCfg = Debug|Any CPU
		{E4582391-A868-4517-8EB1-64C817F0AD1D}.Debug|x64.Build.0 = Debug|Any CPU
		{E4582391-A868-4517-8EB1-64C817F0AD1D}.Debug|x86.ActiveCfg = Debug|Any CPU
		{E4582391-A868-4517-8EB1-64C817F0AD1D}.Debug|x86.Build.0 = Debug|Any CPU
		{E4582391-A868-4517-8EB1-64C817F0AD1D}.Release|Any CPU.ActiveCfg = Release|Any CPU
		{E4582391-A868-4517-8EB1-64C817F0AD1D}.Release|Any CPU.Build.0 = Release|Any CPU
		{E4582391-A868-4517-8EB1-64C817F0AD1D}.Release|x64.ActiveCfg = Release|Any CPU
		{E4582391-A868-4517-8EB1-64C817F0AD1D}.Release|x64.Build.0 = Release|Any CPU
		{E4582391-A868-4517-8EB1-64C817F0AD1D}.Release|x86.ActiveCfg = Release|Any CPU
		{E4582391-A868-4517-8EB1-64C817F0AD1D}.Release|x86.Build.0 = Release|Any CPU
	EndGlobalSection
	GlobalSection(SolutionProperties) = preSolution
		HideSolutionNode = FALSE
	EndGlobalSection
	GlobalSection(NestedProjects) = preSolution
		{76825904-3F0A-49EB-A5FC-9731E1BE64F9} = {053DFE09-12E3-FE27-FF51-34F1017F19A9}
		{711141D3-0E6A-4B93-9C2C-8BA88EF97715} = {AB9CF6C7-B60F-43AF-97C5-48E4CA058C61}
		{A8B6CCDA-4BA2-4AF4-BE94-0C4D6D55EB15} = {053DFE09-12E3-FE27-FF51-34F1017F19A9}
		{F3D2E9E9-88CE-4844-B999-A4BF82426B92} = {AB9CF6C7-B60F-43AF-97C5-48E4CA058C61}
		{E83BA614-8632-4903-A805-76DBDFAB36AA} = {053DFE09-12E3-FE27-FF51-34F1017F19A9}
		{8A034E45-EBA3-429C-82E4-C55D7EF37156} = {AB9CF6C7-B60F-43AF-97C5-48E4CA058C61}
		{E4582391-A868-4517-8EB1-64C817F0AD1D} = {AB9CF6C7-B60F-43AF-97C5-48E4CA058C61}
	EndGlobalSection
EndGlobal
